// !$*UTF8*$!
{
	archiveVersion = 1;
	classes = {
	};
	objectVersion = 56;
	objects = {

/* Begin PBXBuildFile section */
		71A4F8552B9905EF0040400B /* main.cpp in Sources */ = {isa = PBXBuildFile; fileRef = 71A4F8542B9905EF0040400B /* main.cpp */; };
		71BD51542B9917D80067D715 /* geodb.cpp in Sources */ = {isa = PBXBuildFile; fileRef = 71BD51522B9917D80067D715 /* geodb.cpp */; };
		71BD51572B9917E10067D715 /* router.cpp in Sources */ = {isa = PBXBuildFile; fileRef = 71BD51552B9917E10067D715 /* router.cpp */; };
		71BD515A2B9917F20067D715 /* tour_generator.cpp in Sources */ = {isa = PBXBuildFile; fileRef = 71BD51582B9917F20067D715 /* tour_generator.cpp */; };
/* End PBXBuildFile section */

/* Begin PBXCopyFilesBuildPhase section */
		71A4F84F2B9905EF0040400B /* CopyFiles */ = {
			isa = PBXCopyFilesBuildPhase;
			buildActionMask = 2147483647;
			dstPath = /usr/share/man/man1/;
			dstSubfolderSpec = 0;
			files = (
			);
			runOnlyForDeploymentPostprocessing = 1;
		};
/* End PBXCopyFilesBuildPhase section */

/* Begin PBXFileReference section */
		71A4F8512B9905EF0040400B /* BruinTour */ = {isa = PBXFileReference; explicitFileType = "compiled.mach-o.executable"; includeInIndex = 0; path = BruinTour; sourceTree = BUILT_PRODUCTS_DIR; };
		71A4F8542B9905EF0040400B /* main.cpp */ = {isa = PBXFileReference; lastKnownFileType = sourcecode.cpp.cpp; path = main.cpp; sourceTree = "<group>"; };
		71BD51402B9906F20067D715 /* geotools.h */ = {isa = PBXFileReference; fileEncoding = 4; lastKnownFileType = sourcecode.c.h; path = geotools.h; sourceTree = "<group>"; };
		71BD51412B9906F20067D715 /* geopoint.h */ = {isa = PBXFileReference; fileEncoding = 4; lastKnownFileType = sourcecode.c.h; path = geopoint.h; sourceTree = "<group>"; };
		71BD51422B9906F20067D715 /* base_classes.h */ = {isa = PBXFileReference; fileEncoding = 4; lastKnownFileType = sourcecode.c.h; path = base_classes.h; sourceTree = "<group>"; };
		71BD51432B9906F30067D715 /* stops.h */ = {isa = PBXFileReference; fileEncoding = 4; lastKnownFileType = sourcecode.c.h; path = stops.h; sourceTree = "<group>"; };
		71BD51442B9906F30067D715 /* tourcmd.h */ = {isa = PBXFileReference; fileEncoding = 4; lastKnownFileType = sourcecode.c.h; path = tourcmd.h; sourceTree = "<group>"; };
		71BD51512B9917440067D715 /* HashMap.h */ = {isa = PBXFileReference; lastKnownFileType = sourcecode.c.h; path = HashMap.h; sourceTree = "<group>"; };
		71BD51522B9917D80067D715 /* geodb.cpp */ = {isa = PBXFileReference; lastKnownFileType = sourcecode.cpp.cpp; path = geodb.cpp; sourceTree = "<group>"; };
		71BD51532B9917D80067D715 /* geodb.h */ = {isa = PBXFileReference; lastKnownFileType = sourcecode.c.h; path = geodb.h; sourceTree = "<group>"; };
		71BD51552B9917E10067D715 /* router.cpp */ = {isa = PBXFileReference; lastKnownFileType = sourcecode.cpp.cpp; path = router.cpp; sourceTree = "<group>"; };
		71BD51562B9917E10067D715 /* router.h */ = {isa = PBXFileReference; lastKnownFileType = sourcecode.c.h; path = router.h; sourceTree = "<group>"; };
		71BD51582B9917F20067D715 /* tour_generator.cpp */ = {isa = PBXFileReference; lastKnownFileType = sourcecode.cpp.cpp; path = tour_generator.cpp; sourceTree = "<group>"; };
		71BD51592B9917F20067D715 /* tour_generator.h */ = {isa = PBXFileReference; lastKnownFileType = sourcecode.c.h; path = tour_generator.h; sourceTree = "<group>"; };
/* End PBXFileReference section */

/* Begin PBXFrameworksBuildPhase section */
		71A4F84E2B9905EF0040400B /* Frameworks */ = {
			isa = PBXFrameworksBuildPhase;
			buildActionMask = 2147483647;
			files = (
			);
			runOnlyForDeploymentPostprocessing = 0;
		};
/* End PBXFrameworksBuildPhase section */

/* Begin PBXGroup section */
		71A4F8482B9905EF0040400B = {
			isa = PBXGroup;
			children = (
				71A4F8532B9905EF0040400B /* BruinTour */,
				71A4F8522B9905EF0040400B /* Products */,
			);
			sourceTree = "<group>";
		};
		71A4F8522B9905EF0040400B /* Products */ = {
			isa = PBXGroup;
			children = (
				71A4F8512B9905EF0040400B /* BruinTour */,
			);
			name = Products;
			sourceTree = "<group>";
		};
		71A4F8532B9905EF0040400B /* BruinTour */ = {
			isa = PBXGroup;
			children = (
				71BD51422B9906F20067D715 /* base_classes.h */,
				71BD51412B9906F20067D715 /* geopoint.h */,
				71BD51402B9906F20067D715 /* geotools.h */,
				71BD51432B9906F30067D715 /* stops.h */,
				71BD51442B9906F30067D715 /* tourcmd.h */,
				71BD51512B9917440067D715 /* HashMap.h */,
				71BD51522B9917D80067D715 /* geodb.cpp */,
				71BD51532B9917D80067D715 /* geodb.h */,
				71BD51552B9917E10067D715 /* router.cpp */,
				71BD51562B9917E10067D715 /* router.h */,
				71BD51582B9917F20067D715 /* tour_generator.cpp */,
				71BD51592B9917F20067D715 /* tour_generator.h */,
				71A4F8542B9905EF0040400B /* main.cpp */,
			);
			path = BruinTour;
			sourceTree = "<group>";
		};
/* End PBXGroup section */

/* Begin PBXNativeTarget section */
		71A4F8502B9905EF0040400B /* BruinTour */ = {
			isa = PBXNativeTarget;
			buildConfigurationList = 71A4F8582B9905EF0040400B /* Build configuration list for PBXNativeTarget "BruinTour" */;
			buildPhases = (
				71A4F84D2B9905EF0040400B /* Sources */,
				71A4F84E2B9905EF0040400B /* Frameworks */,
				71A4F84F2B9905EF0040400B /* CopyFiles */,
			);
			buildRules = (
			);
			dependencies = (
			);
			name = BruinTour;
			productName = BruinTour;
			productReference = 71A4F8512B9905EF0040400B /* BruinTour */;
			productType = "com.apple.product-type.tool";
		};
/* End PBXNativeTarget section */

/* Begin PBXProject section */
		71A4F8492B9905EF0040400B /* Project object */ = {
			isa = PBXProject;
			attributes = {
				BuildIndependentTargetsInParallel = 1;
				LastUpgradeCheck = 1500;
				TargetAttributes = {
					71A4F8502B9905EF0040400B = {
						CreatedOnToolsVersion = 15.0;
					};
				};
			};
			buildConfigurationList = 71A4F84C2B9905EF0040400B /* Build configuration list for PBXProject "BruinTour" */;
			compatibilityVersion = "Xcode 14.0";
			developmentRegion = en;
			hasScannedForEncodings = 0;
			knownRegions = (
				en,
				Base,
			);
			mainGroup = 71A4F8482B9905EF0040400B;
			productRefGroup = 71A4F8522B9905EF0040400B /* Products */;
			projectDirPath = "";
			projectRoot = "";
			targets = (
				71A4F8502B9905EF0040400B /* BruinTour */,
			);
		};
/* End PBXProject section */

/* Begin PBXSourcesBuildPhase section */
		71A4F84D2B9905EF0040400B /* Sources */ = {
			isa = PBXSourcesBuildPhase;
			buildActionMask = 2147483647;
			files = (
				71A4F8552B9905EF0040400B /* main.cpp in Sources */,
				71BD51572B9917E10067D715 /* router.cpp in Sources */,
				71BD51542B9917D80067D715 /* geodb.cpp in Sources */,
				71BD515A2B9917F20067D715 /* tour_generator.cpp in Sources */,
			);
			runOnlyForDeploymentPostprocessing = 0;
		};
/* End PBXSourcesBuildPhase section */

/* Begin XCBuildConfiguration section */
		71A4F8562B9905EF0040400B /* Debug */ = {
			isa = XCBuildConfiguration;
			buildSettings = {
				ALWAYS_SEARCH_USER_PATHS = NO;
				ASSETCATALOG_COMPILER_GENERATE_SWIFT_ASSET_SYMBOL_EXTENSIONS = YES;
				CLANG_ANALYZER_NONNULL = YES;
				CLANG_ANALYZER_NUMBER_OBJECT_CONVERSION = YES_AGGRESSIVE;
				CLANG_CXX_LANGUAGE_STANDARD = "gnu++20";
				CLANG_ENABLE_MODULES = YES;
				CLANG_ENABLE_OBJC_ARC = YES;
				CLANG_ENABLE_OBJC_WEAK = YES;
				CLANG_WARN_BLOCK_CAPTURE_AUTORELEASING = YES;
				CLANG_WARN_BOOL_CONVERSION = YES;
				CLANG_WARN_COMMA = YES;
				CLANG_WARN_CONSTANT_CONVERSION = YES;
				CLANG_WARN_DEPRECATED_OBJC_IMPLEMENTATIONS = YES;
				CLANG_WARN_DIRECT_OBJC_ISA_USAGE = YES_ERROR;
				CLANG_WARN_DOCUMENTATION_COMMENTS = YES;
				CLANG_WARN_EMPTY_BODY = YES;
				CLANG_WARN_ENUM_CONVERSION = YES;
				CLANG_WARN_INFINITE_RECURSION = YES;
				CLANG_WARN_INT_CONVERSION = YES;
				CLANG_WARN_NON_LITERAL_NULL_CONVERSION = YES;
				CLANG_WARN_OBJC_IMPLICIT_RETAIN_SELF = YES;
				CLANG_WARN_OBJC_LITERAL_CONVERSION = YES;
				CLANG_WARN_OBJC_ROOT_CLASS = YES_ERROR;
				CLANG_WARN_QUOTED_INCLUDE_IN_FRAMEWORK_HEADER = YES;
				CLANG_WARN_RANGE_LOOP_ANALYSIS = YES;
				CLANG_WARN_STRICT_PROTOTYPES = YES;
				CLANG_WARN_SUSPICIOUS_MOVE = YES;
				CLANG_WARN_UNGUARDED_AVAILABILITY = YES_AGGRESSIVE;
				CLANG_WARN_UNREACHABLE_CODE = YES;
				CLANG_WARN__DUPLICATE_METHOD_MATCH = YES;
				COPY_PHASE_STRIP = NO;
				DEBUG_INFORMATION_FORMAT = dwarf;
				ENABLE_STRICT_OBJC_MSGSEND = YES;
				ENABLE_TESTABILITY = YES;
				ENABLE_USER_SCRIPT_SANDBOXING = YES;
				GCC_C_LANGUAGE_STANDARD = gnu17;
				GCC_DYNAMIC_NO_PIC = NO;
				GCC_NO_COMMON_BLOCKS = YES;
				GCC_OPTIMIZATION_LEVEL = 0;
				GCC_PREPROCESSOR_DEFINITIONS = (
					"DEBUG=1",
					"$(inherited)",
				);
				GCC_WARN_64_TO_32_BIT_CONVERSION = YES;
				GCC_WARN_ABOUT_RETURN_TYPE = YES_ERROR;
				GCC_WARN_UNDECLARED_SELECTOR = YES;
				GCC_WARN_UNINITIALIZED_AUTOS = YES_AGGRESSIVE;
				GCC_WARN_UNUSED_FUNCTION = YES;
				GCC_WARN_UNUSED_VARIABLE = YES;
				LOCALIZATION_PREFERS_STRING_CATALOGS = YES;
				MACOSX_DEPLOYMENT_TARGET = 14.0;
				MTL_ENABLE_DEBUG_INFO = INCLUDE_SOURCE;
				MTL_FAST_MATH = YES;
				ONLY_ACTIVE_ARCH = YES;
				SDKROOT = macosx;
			};
			name = Debug;
		};
		71A4F8572B9905EF0040400B /* Release */ = {
			isa = XCBuildConfiguration;
			buildSettings = {
				ALWAYS_SEARCH_USER_PATHS = NO;
				ASSETCATALOG_COMPILER_GENERATE_SWIFT_ASSET_SYMBOL_EXTENSIONS = YES;
				CLANG_ANALYZER_NONNULL = YES;
				CLANG_ANALYZER_NUMBER_OBJECT_CONVERSION = YES_AGGRESSIVE;
				CLANG_CXX_LANGUAGE_STANDARD = "gnu++20";
				CLANG_ENABLE_MODULES = YES;
				CLANG_ENABLE_OBJC_ARC = YES;
				CLANG_ENABLE_OBJC_WEAK = YES;
				CLANG_WARN_BLOCK_CAPTURE_AUTORELEASING = YES;
				CLANG_WARN_BOOL_CONVERSION = YES;
				CLANG_WARN_COMMA = YES;
				CLANG_WARN_CONSTANT_CONVERSION = YES;
				CLANG_WARN_DEPRECATED_OBJC_IMPLEMENTATIONS = YES;
				CLANG_WARN_DIRECT_OBJC_ISA_USAGE = YES_ERROR;
				CLANG_WARN_DOCUMENTATION_COMMENTS = YES;
				CLANG_WARN_EMPTY_BODY = YES;
				CLANG_WARN_ENUM_CONVERSION = YES;
				CLANG_WARN_INFINITE_RECURSION = YES;
				CLANG_WARN_INT_CONVERSION = YES;
				CLANG_WARN_NON_LITERAL_NULL_CONVERSION = YES;
				CLANG_WARN_OBJC_IMPLICIT_RETAIN_SELF = YES;
				CLANG_WARN_OBJC_LITERAL_CONVERSION = YES;
				CLANG_WARN_OBJC_ROOT_CLASS = YES_ERROR;
				CLANG_WARN_QUOTED_INCLUDE_IN_FRAMEWORK_HEADER = YES;
				CLANG_WARN_RANGE_LOOP_ANALYSIS = YES;
				CLANG_WARN_STRICT_PROTOTYPES = YES;
				CLANG_WARN_SUSPICIOUS_MOVE = YES;
				CLANG_WARN_UNGUARDED_AVAILABILITY = YES_AGGRESSIVE;
				CLANG_WARN_UNREACHABLE_CODE = YES;
				CLANG_WARN__DUPLICATE_METHOD_MATCH = YES;
				COPY_PHASE_STRIP = NO;
				DEBUG_INFORMATION_FORMAT = "dwarf-with-dsym";
				ENABLE_NS_ASSERTIONS = NO;
				ENABLE_STRICT_OBJC_MSGSEND = YES;
				ENABLE_USER_SCRIPT_SANDBOXING = YES;
				GCC_C_LANGUAGE_STANDARD = gnu17;
				GCC_NO_COMMON_BLOCKS = YES;
				GCC_WARN_64_TO_32_BIT_CONVERSION = YES;
				GCC_WARN_ABOUT_RETURN_TYPE = YES_ERROR;
				GCC_WARN_UNDECLARED_SELECTOR = YES;
				GCC_WARN_UNINITIALIZED_AUTOS = YES_AGGRESSIVE;
				GCC_WARN_UNUSED_FUNCTION = YES;
				GCC_WARN_UNUSED_VARIABLE = YES;
				LOCALIZATION_PREFERS_STRING_CATALOGS = YES;
				MACOSX_DEPLOYMENT_TARGET = 14.0;
				MTL_ENABLE_DEBUG_INFO = NO;
				MTL_FAST_MATH = YES;
				SDKROOT = macosx;
			};
			name = Release;
		};
		71A4F8592B9905EF0040400B /* Debug */ = {
			isa = XCBuildConfiguration;
			buildSettings = {
				CODE_SIGN_STYLE = Automatic;
				PRODUCT_NAME = "$(TARGET_NAME)";
			};
			name = Debug;
		};
		71A4F85A2B9905EF0040400B /* Release */ = {
			isa = XCBuildConfiguration;
			buildSettings = {
				CODE_SIGN_STYLE = Automatic;
				PRODUCT_NAME = "$(TARGET_NAME)";
			};
			name = Release;
		};
/* End XCBuildConfiguration section */

/* Begin XCConfigurationList section */
		71A4F84C2B9905EF0040400B /* Build configuration list for PBXProject "BruinTour" */ = {
			isa = XCConfigurationList;
			buildConfigurations = (
				71A4F8562B9905EF0040400B /* Debug */,
				71A4F8572B9905EF0040400B /* Release */,
			);
			defaultConfigurationIsVisible = 0;
			defaultConfigurationName = Release;
		};
		71A4F8582B9905EF0040400B /* Build configuration list for PBXNativeTarget "BruinTour" */ = {
			isa = XCConfigurationList;
			buildConfigurations = (
				71A4F8592B9905EF0040400B /* Debug */,
				71A4F85A2B9905EF0040400B /* Release */,
			);
			defaultConfigurationIsVisible = 0;
			defaultConfigurationName = Release;
		};
/* End XCConfigurationList section */
	};
	rootObject = 71A4F8492B9905EF0040400B /* Project object */;
}
